
Microsoft Visual Studio Solution File, Format Version 12.00
# Visual Studio Version 16
VisualStudioVersion = 16.0.31205.134
MinimumVisualStudioVersion = 10.0.40219.1
Project("{E24C65DC-7377-472B-9ABA-BC803B73C61A}") = "EasyHost", ".", "{6BFF5AE3-C934-4DBE-8826-5BC1726C1D96}"
	ProjectSection(WebsiteProperties) = preProject
		TargetFrameworkMoniker = ".NETFramework,Version%3Dv4.5"
		Debug.AspNetCompiler.VirtualPath = "/localhost_52757"
		Debug.AspNetCompiler.PhysicalPath = "..\EasyHost\"
		Debug.AspNetCompiler.TargetPath = "PrecompiledWeb\localhost_52757\"
		Debug.AspNetCompiler.Updateable = "true"
		Debug.AspNetCompiler.ForceOverwrite = "true"
		Debug.AspNetCompiler.FixedNames = "false"
		Debug.AspNetCompiler.Debug = "True"
		Release.AspNetCompiler.VirtualPath = "/localhost_52757"
		Release.AspNetCompiler.PhysicalPath = "..\EasyHost\"
		Release.AspNetCompiler.TargetPath = "PrecompiledWeb\localhost_52757\"
		Release.AspNetCompiler.Updateable = "true"
		Release.AspNetCompiler.ForceOverwrite = "true"
		Release.AspNetCompiler.FixedNames = "false"
		Release.AspNetCompiler.Debug = "False"
		VWDPort = "52757"
		SlnRelativePath = "..\EasyHost\"
		DefaultWebSiteLanguage = "Visual C#"
	EndProjectSection
EndProject
Global
	GlobalSection(SolutionConfigurationPlatforms) = preSolution
		Debug|Any CPU = Debug|Any CPU
	EndGlobalSection
	GlobalSection(ProjectConfigurationPlatforms) = postSolution
		{6BFF5AE3-C934-4DBE-8826-5BC1726C1D96}.Debug|Any CPU.ActiveCfg = Debug|Any CPU
		{6BFF5AE3-C934-4DBE-8826-5BC1726C1D96}.Debug|Any CPU.Build.0 = Debug|Any CPU
	EndGlobalSection
	GlobalSection(SolutionProperties) = preSolution
		HideSolutionNode = FALSE
	EndGlobalSection
	GlobalSection(ExtensibilityGlobals) = postSolution
		SolutionGuid = {4AE7E142-6FC9-4369-B716-5AA9298914DA}
	EndGlobalSection
EndGlobal
